
Microsoft Visual Studio Solution File, Format Version 12.00
Project("{FAE04EC0-301F-11D3-BF4B-00C04F79EFBC}") = "Lab_OOP_6", "Lab_OOP_6\Lab_OOP_6.csproj", "{945D58BA-5C6E-4C5B-9487-EDF039025C1A}"
EndProject
Global
	GlobalSection(SolutionConfigurationPlatforms) = preSolution
		Debug|Any CPU = Debug|Any CPU
		Release|Any CPU = Release|Any CPU
	EndGlobalSection
	GlobalSection(ProjectConfigurationPlatforms) = postSolution
		{945D58BA-5C6E-4C5B-9487-EDF039025C1A}.Debug|Any CPU.ActiveCfg = Debug|Any CPU
		{945D58BA-5C6E-4C5B-9487-EDF039025C1A}.Debug|Any CPU.Build.0 = Debug|Any CPU
		{945D58BA-5C6E-4C5B-9487-EDF039025C1A}.Release|Any CPU.ActiveCfg = Release|Any CPU
		{945D58BA-5C6E-4C5B-9487-EDF039025C1A}.Release|Any CPU.Build.0 = Release|Any CPU
	EndGlobalSection
EndGlobal
